// !$*UTF8*$!
{
	archiveVersion = 1;
	classes = {
	};
	objectVersion = 50;
	objects = {

/* Begin PBXBuildFile section */
		8C43C1312590E9D6008E8EFF /* DataManager.swift in Sources */ = {isa = PBXBuildFile; fileRef = 8C43C1302590E9D6008E8EFF /* DataManager.swift */; };
		8C499DC32587CC76001E752E /* DetailViewController.swift in Sources */ = {isa = PBXBuildFile; fileRef = 8C499DC22587CC76001E752E /* DetailViewController.swift */; };
		8C582AC5255D9F5E00D5BAAF /* MemoListTableViewController.swift in Sources */ = {isa = PBXBuildFile; fileRef = 8C582AC4255D9F5E00D5BAAF /* MemoListTableViewController.swift */; };
		8C5D04B62566AECF00C8DECF /* ComposeViewController.swift in Sources */ = {isa = PBXBuildFile; fileRef = 8C5D04B52566AECF00C8DECF /* ComposeViewController.swift */; };
		8C6F7110255C1CF4007536E3 /* Model.swift in Sources */ = {isa = PBXBuildFile; fileRef = 8C6F710F255C1CF4007536E3 /* Model.swift */; };
		8CA1E12A2574093100861D66 /* UIViewController+Alert.swift in Sources */ = {isa = PBXBuildFile; fileRef = 8CA1E1292574093100861D66 /* UIViewController+Alert.swift */; };
		8CCFDA2825544214008D3414 /* AppDelegate.swift in Sources */ = {isa = PBXBuildFile; fileRef = 8CCFDA2725544214008D3414 /* AppDelegate.swift */; };
		8CCFDA2A25544214008D3414 /* SceneDelegate.swift in Sources */ = {isa = PBXBuildFile; fileRef = 8CCFDA2925544214008D3414 /* SceneDelegate.swift */; };
		8CCFDA2F25544214008D3414 /* Main.storyboard in Resources */ = {isa = PBXBuildFile; fileRef = 8CCFDA2D25544214008D3414 /* Main.storyboard */; };
		8CCFDA3225544214008D3414 /* JsMemo.xcdatamodeld in Sources */ = {isa = PBXBuildFile; fileRef = 8CCFDA3025544214008D3414 /* JsMemo.xcdatamodeld */; };
		8CCFDA3425544215008D3414 /* Assets.xcassets in Resources */ = {isa = PBXBuildFile; fileRef = 8CCFDA3325544215008D3414 /* Assets.xcassets */; };
		8CCFDA3725544215008D3414 /* LaunchScreen.storyboard in Resources */ = {isa = PBXBuildFile; fileRef = 8CCFDA3525544215008D3414 /* LaunchScreen.storyboard */; };
/* End PBXBuildFile section */

/* Begin PBXFileReference section */
		8C43C1302590E9D6008E8EFF /* DataManager.swift */ = {isa = PBXFileReference; lastKnownFileType = sourcecode.swift; path = DataManager.swift; sourceTree = "<group>"; };
		8C499DC22587CC76001E752E /* DetailViewController.swift */ = {isa = PBXFileReference; lastKnownFileType = sourcecode.swift; path = DetailViewController.swift; sourceTree = "<group>"; };
		8C582AC4255D9F5E00D5BAAF /* MemoListTableViewController.swift */ = {isa = PBXFileReference; lastKnownFileType = sourcecode.swift; path = MemoListTableViewController.swift; sourceTree = "<group>"; };
		8C5D04B52566AECF00C8DECF /* ComposeViewController.swift */ = {isa = PBXFileReference; lastKnownFileType = sourcecode.swift; path = ComposeViewController.swift; sourceTree = "<group>"; };
		8C6F710F255C1CF4007536E3 /* Model.swift */ = {isa = PBXFileReference; lastKnownFileType = sourcecode.swift; path = Model.swift; sourceTree = "<group>"; };
		8CA1E1292574093100861D66 /* UIViewController+Alert.swift */ = {isa = PBXFileReference; lastKnownFileType = sourcecode.swift; path = "UIViewController+Alert.swift"; sourceTree = "<group>"; };
		8CCFDA2425544214008D3414 /* JsMemo.app */ = {isa = PBXFileReference; explicitFileType = wrapper.application; includeInIndex = 0; path = JsMemo.app; sourceTree = BUILT_PRODUCTS_DIR; };
		8CCFDA2725544214008D3414 /* AppDelegate.swift */ = {isa = PBXFileReference; lastKnownFileType = sourcecode.swift; path = AppDelegate.swift; sourceTree = "<group>"; };
		8CCFDA2925544214008D3414 /* SceneDelegate.swift */ = {isa = PBXFileReference; lastKnownFileType = sourcecode.swift; path = SceneDelegate.swift; sourceTree = "<group>"; };
		8CCFDA2E25544214008D3414 /* Base */ = {isa = PBXFileReference; lastKnownFileType = file.storyboard; name = Base; path = Base.lproj/Main.storyboard; sourceTree = "<group>"; };
		8CCFDA3125544214008D3414 /* JsMemo.xcdatamodel */ = {isa = PBXFileReference; lastKnownFileType = wrapper.xcdatamodel; path = JsMemo.xcdatamodel; sourceTree = "<group>"; };
		8CCFDA3325544215008D3414 /* Assets.xcassets */ = {isa = PBXFileReference; lastKnownFileType = folder.assetcatalog; path = Assets.xcassets; sourceTree = "<group>"; };
		8CCFDA3625544215008D3414 /* Base */ = {isa = PBXFileReference; lastKnownFileType = file.storyboard; name = Base; path = Base.lproj/LaunchScreen.storyboard; sourceTree = "<group>"; };
		8CCFDA3825544215008D3414 /* Info.plist */ = {isa = PBXFileReference; lastKnownFileType = text.plist.xml; path = Info.plist; sourceTree = "<group>"; };
/* End PBXFileReference section */

/* Begin PBXFrameworksBuildPhase section */
		8CCFDA2125544214008D3414 /* Frameworks */ = {
			isa = PBXFrameworksBuildPhase;
			buildActionMask = 2147483647;
			files = (
			);
			runOnlyForDeploymentPostprocessing = 0;
		};
/* End PBXFrameworksBuildPhase section */

/* Begin PBXGroup section */
		8C43C12F2590E99E008E8EFF /* Data */ = {
			isa = PBXGroup;
			children = (
				8C43C1302590E9D6008E8EFF /* DataManager.swift */,
			);
			path = Data;
			sourceTree = "<group>";
		};
		8C6F710E255C1CCD007536E3 /* Model */ = {
			isa = PBXGroup;
			children = (
				8C6F710F255C1CF4007536E3 /* Model.swift */,
			);
			path = Model;
			sourceTree = "<group>";
		};
		8CCFDA1B25544214008D3414 = {
			isa = PBXGroup;
			children = (
				8CCFDA2625544214008D3414 /* JsMemo */,
				8CCFDA2525544214008D3414 /* Products */,
			);
			sourceTree = "<group>";
		};
		8CCFDA2525544214008D3414 /* Products */ = {
			isa = PBXGroup;
			children = (
				8CCFDA2425544214008D3414 /* JsMemo.app */,
			);
			name = Products;
			sourceTree = "<group>";
		};
		8CCFDA2625544214008D3414 /* JsMemo */ = {
			isa = PBXGroup;
			children = (
				8C43C12F2590E99E008E8EFF /* Data */,
				8C6F710E255C1CCD007536E3 /* Model */,
				8CCFDA2725544214008D3414 /* AppDelegate.swift */,
				8C499DC22587CC76001E752E /* DetailViewController.swift */,
				8CCFDA2925544214008D3414 /* SceneDelegate.swift */,
				8CCFDA2D25544214008D3414 /* Main.storyboard */,
				8CCFDA3325544215008D3414 /* Assets.xcassets */,
				8CCFDA3525544215008D3414 /* LaunchScreen.storyboard */,
				8CCFDA3825544215008D3414 /* Info.plist */,
				8CCFDA3025544214008D3414 /* JsMemo.xcdatamodeld */,
				8C582AC4255D9F5E00D5BAAF /* MemoListTableViewController.swift */,
				8C5D04B52566AECF00C8DECF /* ComposeViewController.swift */,
				8CA1E1292574093100861D66 /* UIViewController+Alert.swift */,
			);
			path = JsMemo;
			sourceTree = "<group>";
		};
/* End PBXGroup section */

/* Begin PBXNativeTarget section */
		8CCFDA2325544214008D3414 /* JsMemo */ = {
			isa = PBXNativeTarget;
			buildConfigurationList = 8CCFDA3B25544215008D3414 /* Build configuration list for PBXNativeTarget "JsMemo" */;
			buildPhases = (
				8CCFDA2025544214008D3414 /* Sources */,
				8CCFDA2125544214008D3414 /* Frameworks */,
				8CCFDA2225544214008D3414 /* Resources */,
			);
			buildRules = (
			);
			dependencies = (
			);
			name = JsMemo;
			productName = JsMemo;
			productReference = 8CCFDA2425544214008D3414 /* JsMemo.app */;
			productType = "com.apple.product-type.application";
		};
/* End PBXNativeTarget section */

/* Begin PBXProject section */
		8CCFDA1C25544214008D3414 /* Project object */ = {
			isa = PBXProject;
			attributes = {
				LastSwiftUpdateCheck = 1150;
				LastUpgradeCheck = 1150;
				ORGANIZATIONNAME = hyangham;
				TargetAttributes = {
					8CCFDA2325544214008D3414 = {
						CreatedOnToolsVersion = 11.5;
					};
				};
			};
			buildConfigurationList = 8CCFDA1F25544214008D3414 /* Build configuration list for PBXProject "JsMemo" */;
			compatibilityVersion = "Xcode 9.3";
			developmentRegion = en;
			hasScannedForEncodings = 0;
			knownRegions = (
				en,
				Base,
			);
			mainGroup = 8CCFDA1B25544214008D3414;
			productRefGroup = 8CCFDA2525544214008D3414 /* Products */;
			projectDirPath = "";
			projectRoot = "";
			targets = (
				8CCFDA2325544214008D3414 /* JsMemo */,
			);
		};
/* End PBXProject section */

/* Begin PBXResourcesBuildPhase section */
		8CCFDA2225544214008D3414 /* Resources */ = {
			isa = PBXResourcesBuildPhase;
			buildActionMask = 2147483647;
			files = (
				8CCFDA3725544215008D3414 /* LaunchScreen.storyboard in Resources */,
				8CCFDA3425544215008D3414 /* Assets.xcassets in Resources */,
				8CCFDA2F25544214008D3414 /* Main.storyboard in Resources */,
			);
			runOnlyForDeploymentPostprocessing = 0;
		};
/* End PBXResourcesBuildPhase section */

/* Begin PBXSourcesBuildPhase section */
		8CCFDA2025544214008D3414 /* Sources */ = {
			isa = PBXSourcesBuildPhase;
			buildActionMask = 2147483647;
			files = (
				8CCFDA2825544214008D3414 /* AppDelegate.swift in Sources */,
				8CCFDA3225544214008D3414 /* JsMemo.xcdatamodeld in Sources */,
				8C582AC5255D9F5E00D5BAAF /* MemoListTableViewController.swift in Sources */,
				8C5D04B62566AECF00C8DECF /* ComposeViewController.swift in Sources */,
				8CCFDA2A25544214008D3414 /* SceneDelegate.swift in Sources */,
				8C6F7110255C1CF4007536E3 /* Model.swift in Sources */,
				8CA1E12A2574093100861D66 /* UIViewController+Alert.swift in Sources */,
				8C43C1312590E9D6008E8EFF /* DataManager.swift in Sources */,
				8C499DC32587CC76001E752E /* DetailViewController.swift in Sources */,
			);
			runOnlyForDeploymentPostprocessing = 0;
		};
/* End PBXSourcesBuildPhase section */

/* Begin PBXVariantGroup section */
		8CCFDA2D25544214008D3414 /* Main.storyboard */ = {
			isa = PBXVariantGroup;
			children = (
				8CCFDA2E25544214008D3414 /* Base */,
			);
			name = Main.storyboard;
			sourceTree = "<group>";
		};
		8CCFDA3525544215008D3414 /* LaunchScreen.storyboard */ = {
			isa = PBXVariantGroup;
			children = (
				8CCFDA3625544215008D3414 /* Base */,
			);
			name = LaunchScreen.storyboard;
			sourceTree = "<group>";
		};
/* End PBXVariantGroup section */

/* Begin XCBuildConfiguration section */
		8CCFDA3925544215008D3414 /* Debug */ = {
			isa = XCBuildConfiguration;
			buildSettings = {
				ALWAYS_SEARCH_USER_PATHS = NO;
				CLANG_ANALYZER_NONNULL = YES;
				CLANG_ANALYZER_NUMBER_OBJECT_CONVERSION = YES_AGGRESSIVE;
				CLANG_CXX_LANGUAGE_STANDARD = "gnu++14";
				CLANG_CXX_LIBRARY = "libc++";
				CLANG_ENABLE_MODULES = YES;
				CLANG_ENABLE_OBJC_ARC = YES;
				CLANG_ENABLE_OBJC_WEAK = YES;
				CLANG_WARN_BLOCK_CAPTURE_AUTORELEASING = YES;
				CLANG_WARN_BOOL_CONVERSION = YES;
				CLANG_WARN_COMMA = YES;
				CLANG_WARN_CONSTANT_CONVERSION = YES;
				CLANG_WARN_DEPRECATED_OBJC_IMPLEMENTATIONS = YES;
				CLANG_WARN_DIRECT_OBJC_ISA_USAGE = YES_ERROR;
				CLANG_WARN_DOCUMENTATION_COMMENTS = YES;
				CLANG_WARN_EMPTY_BODY = YES;
				CLANG_WARN_ENUM_CONVERSION = YES;
				CLANG_WARN_INFINITE_RECURSION = YES;
				CLANG_WARN_INT_CONVERSION = YES;
				CLANG_WARN_NON_LITERAL_NULL_CONVERSION = YES;
				CLANG_WARN_OBJC_IMPLICIT_RETAIN_SELF = YES;
				CLANG_WARN_OBJC_LITERAL_CONVERSION = YES;
				CLANG_WARN_OBJC_ROOT_CLASS = YES_ERROR;
				CLANG_WARN_RANGE_LOOP_ANALYSIS = YES;
				CLANG_WARN_STRICT_PROTOTYPES = YES;
				CLANG_WARN_SUSPICIOUS_MOVE = YES;
				CLANG_WARN_UNGUARDED_AVAILABILITY = YES_AGGRESSIVE;
				CLANG_WARN_UNREACHABLE_CODE = YES;
				CLANG_WARN__DUPLICATE_METHOD_MATCH = YES;
				COPY_PHASE_STRIP = NO;
				DEBUG_INFORMATION_FORMAT = dwarf;
				ENABLE_STRICT_OBJC_MSGSEND = YES;
				ENABLE_TESTABILITY = YES;
				GCC_C_LANGUAGE_STANDARD = gnu11;
				GCC_DYNAMIC_NO_PIC = NO;
				GCC_NO_COMMON_BLOCKS = YES;
				GCC_OPTIMIZATION_LEVEL = 0;
				GCC_PREPROCESSOR_DEFINITIONS = (
					"DEBUG=1",
					"$(inherited)",
				);
				GCC_WARN_64_TO_32_BIT_CONVERSION = YES;
				GCC_WARN_ABOUT_RETURN_TYPE = YES_ERROR;
				GCC_WARN_UNDECLARED_SELECTOR = YES;
				GCC_WARN_UNINITIALIZED_AUTOS = YES_AGGRESSIVE;
				GCC_WARN_UNUSED_FUNCTION = YES;
				GCC_WARN_UNUSED_VARIABLE = YES;
				IPHONEOS_DEPLOYMENT_TARGET = 13.5;
				MTL_ENABLE_DEBUG_INFO = INCLUDE_SOURCE;
				MTL_FAST_MATH = YES;
				ONLY_ACTIVE_ARCH = YES;
				SDKROOT = iphoneos;
				SWIFT_ACTIVE_COMPILATION_CONDITIONS = DEBUG;
				SWIFT_OPTIMIZATION_LEVEL = "-Onone";
			};
			name = Debug;
		};
		8CCFDA3A25544215008D3414 /* Release */ = {
			isa = XCBuildConfiguration;
			buildSettings = {
				ALWAYS_SEARCH_USER_PATHS = NO;
				CLANG_ANALYZER_NONNULL = YES;
				CLANG_ANALYZER_NUMBER_OBJECT_CONVERSION = YES_AGGRESSIVE;
				CLANG_CXX_LANGUAGE_STANDARD = "gnu++14";
				CLANG_CXX_LIBRARY = "libc++";
				CLANG_ENABLE_MODULES = YES;
				CLANG_ENABLE_OBJC_ARC = YES;
				CLANG_ENABLE_OBJC_WEAK = YES;
				CLANG_WARN_BLOCK_CAPTURE_AUTORELEASING = YES;
				CLANG_WARN_BOOL_CONVERSION = YES;
				CLANG_WARN_COMMA = YES;
				CLANG_WARN_CONSTANT_CONVERSION = YES;
				CLANG_WARN_DEPRECATED_OBJC_IMPLEMENTATIONS = YES;
				CLANG_WARN_DIRECT_OBJC_ISA_USAGE = YES_ERROR;
				CLANG_WARN_DOCUMENTATION_COMMENTS = YES;
				CLANG_WARN_EMPTY_BODY = YES;
				CLANG_WARN_ENUM_CONVERSION = YES;
				CLANG_WARN_INFINITE_RECURSION = YES;
				CLANG_WARN_INT_CONVERSION = YES;
				CLANG_WARN_NON_LITERAL_NULL_CONVERSION = YES;
				CLANG_WARN_OBJC_IMPLICIT_RETAIN_SELF = YES;
				CLANG_WARN_OBJC_LITERAL_CONVERSION = YES;
				CLANG_WARN_OBJC_ROOT_CLASS = YES_ERROR;
				CLANG_WARN_RANGE_LOOP_ANALYSIS = YES;
				CLANG_WARN_STRICT_PROTOTYPES = YES;
				CLANG_WARN_SUSPICIOUS_MOVE = YES;
				CLANG_WARN_UNGUARDED_AVAILABILITY = YES_AGGRESSIVE;
				CLANG_WARN_UNREACHABLE_CODE = YES;
				CLANG_WARN__DUPLICATE_METHOD_MATCH = YES;
				COPY_PHASE_STRIP = NO;
				DEBUG_INFORMATION_FORMAT = "dwarf-with-dsym";
				ENABLE_NS_ASSERTIONS = NO;
				ENABLE_STRICT_OBJC_MSGSEND = YES;
				GCC_C_LANGUAGE_STANDARD = gnu11;
				GCC_NO_COMMON_BLOCKS = YES;
				GCC_WARN_64_TO_32_BIT_CONVERSION = YES;
				GCC_WARN_ABOUT_RETURN_TYPE = YES_ERROR;
				GCC_WARN_UNDECLARED_SELECTOR = YES;
				GCC_WARN_UNINITIALIZED_AUTOS = YES_AGGRESSIVE;
				GCC_WARN_UNUSED_FUNCTION = YES;
				GCC_WARN_UNUSED_VARIABLE = YES;
				IPHONEOS_DEPLOYMENT_TARGET = 13.5;
				MTL_ENABLE_DEBUG_INFO = NO;
				MTL_FAST_MATH = YES;
				SDKROOT = iphoneos;
				SWIFT_COMPILATION_MODE = wholemodule;
				SWIFT_OPTIMIZATION_LEVEL = "-O";
				VALIDATE_PRODUCT = YES;
			};
			name = Release;
		};
		8CCFDA3C25544215008D3414 /* Debug */ = {
			isa = XCBuildConfiguration;
			buildSettings = {
				ASSETCATALOG_COMPILER_APPICON_NAME = AppIcon;
				CODE_SIGN_IDENTITY = "Apple Development";
				CODE_SIGN_STYLE = Manual;
				DEVELOPMENT_TEAM = "";
				INFOPLIST_FILE = JsMemo/Info.plist;
				IPHONEOS_DEPLOYMENT_TARGET = 10.0;
				LD_RUNPATH_SEARCH_PATHS = (
					"$(inherited)",
					"@executable_path/Frameworks",
				);
				PRODUCT_BUNDLE_IDENTIFIER = com.hyangham.JsMemo;
				PRODUCT_NAME = "$(TARGET_NAME)";
				PROVISIONING_PROFILE_SPECIFIER = "";
				SWIFT_VERSION = 5.0;
				TARGETED_DEVICE_FAMILY = "1,2";
			};
			name = Debug;
		};
		8CCFDA3D25544215008D3414 /* Release */ = {
			isa = XCBuildConfiguration;
			buildSettings = {
				ASSETCATALOG_COMPILER_APPICON_NAME = AppIcon;
				CODE_SIGN_IDENTITY = "Apple Development";
				CODE_SIGN_STYLE = Manual;
				DEVELOPMENT_TEAM = "";
				INFOPLIST_FILE = JsMemo/Info.plist;
				IPHONEOS_DEPLOYMENT_TARGET = 10.0;
				LD_RUNPATH_SEARCH_PATHS = (
					"$(inherited)",
					"@executable_path/Frameworks",
				);
				PRODUCT_BUNDLE_IDENTIFIER = com.hyangham.JsMemo;
				PRODUCT_NAME = "$(TARGET_NAME)";
				PROVISIONING_PROFILE_SPECIFIER = "";
				SWIFT_VERSION = 5.0;
				TARGETED_DEVICE_FAMILY = "1,2";
			};
			name = Release;
		};
/* End XCBuildConfiguration section */

/* Begin XCConfigurationList section */
		8CCFDA1F25544214008D3414 /* Build configuration list for PBXProject "JsMemo" */ = {
			isa = XCConfigurationList;
			buildConfigurations = (
				8CCFDA3925544215008D3414 /* Debug */,
				8CCFDA3A25544215008D3414 /* Release */,
			);
			defaultConfigurationIsVisible = 0;
			defaultConfigurationName = Release;
		};
		8CCFDA3B25544215008D3414 /* Build configuration list for PBXNativeTarget "JsMemo" */ = {
			isa = XCConfigurationList;
			buildConfigurations = (
				8CCFDA3C25544215008D3414 /* Debug */,
				8CCFDA3D25544215008D3414 /* Release */,
			);
			defaultConfigurationIsVisible = 0;
			defaultConfigurationName = Release;
		};
/* End XCConfigurationList section */

/* Begin XCVersionGroup section */
		8CCFDA3025544214008D3414 /* JsMemo.xcdatamodeld */ = {
			isa = XCVersionGroup;
			children = (
				8CCFDA3125544214008D3414 /* JsMemo.xcdatamodel */,
			);
			currentVersion = 8CCFDA3125544214008D3414 /* JsMemo.xcdatamodel */;
			path = JsMemo.xcdatamodeld;
			sourceTree = "<group>";
			versionGroupType = wrapper.xcdatamodel;
		};
/* End XCVersionGroup section */
	};
	rootObject = 8CCFDA1C25544214008D3414 /* Project object */;
}
